
Microsoft Visual Studio Solution File, Format Version 12.00
# Visual Studio Version 17
VisualStudioVersion = 17.5.002.0
MinimumVisualStudioVersion = 10.0.40219.1
Project("{2150E333-8FDC-42A3-9474-1A3956D46DE8}") = "sandbox", "sandbox", "{CC48EAC3-FA61-44E1-A2FC-154BCAC22D41}"
EndProject
Project("{9A19103F-16F7-4668-BE54-9A1E7A4F7556}") = "sandbox_project", "sandbox\sandbox_project\sandbox_project.csproj", "{16A9962F-E60C-4B76-98C5-F312259C2091}"
EndProject
Project("{2150E333-8FDC-42A3-9474-1A3956D46DE8}") = "week01", "week01", "{48D6C17D-88E4-43DF-AF54-D63070354E7E}"
EndProject
Project("{9A19103F-16F7-4668-BE54-9A1E7A4F7556}") = "analyze", "week01\analyze\analyze.csproj", "{968A393F-F7D2-4344-915C-E54FE18CDA0A}"
EndProject
Project("{9A19103F-16F7-4668-BE54-9A1E7A4F7556}") = "code", "week01\code\code.csproj", "{F7E51D9B-5B18-46EC-890C-3A633E1D2858}"
EndProject
Project("{9A19103F-16F7-4668-BE54-9A1E7A4F7556}") = "teach", "week01\teach\teach.csproj", "{DE496D3D-B14C-46BE-8D07-016869FC60FA}"
EndProject
Project("{2150E333-8FDC-42A3-9474-1A3956D46DE8}") = "week02", "week02", "{3DE4F7DE-95DB-4CCF-B9C1-90A39566989F}"
EndProject
Project("{9A19103F-16F7-4668-BE54-9A1E7A4F7556}") = "analyze", "week02\analyze\analyze.csproj", "{DDD59B2E-536C-415D-939D-274F489C616F}"
EndProject
Project("{9A19103F-16F7-4668-BE54-9A1E7A4F7556}") = "code", "week02\code\code.csproj", "{7FE5793B-12BE-4647-AE22-2D92CECA8801}"
EndProject
Project("{9A19103F-16F7-4668-BE54-9A1E7A4F7556}") = "learn", "week02\learn\learn.csproj", "{B03D4FB5-6DFF-4C0E-B657-0C052A299003}"
EndProject
Project("{9A19103F-16F7-4668-BE54-9A1E7A4F7556}") = "teach", "week02\teach\teach.csproj", "{9324A9F2-51E1-426D-9254-51597FDB6735}"
EndProject
Project("{2150E333-8FDC-42A3-9474-1A3956D46DE8}") = "week03", "week03", "{5690E7B8-141C-458E-BE22-45F333FF0CE7}"
EndProject
Project("{9A19103F-16F7-4668-BE54-9A1E7A4F7556}") = "code", "week03\code\code.csproj", "{F0E1B92B-7DFC-4855-8AB6-E1C5AC8DEED7}"
EndProject
Project("{9A19103F-16F7-4668-BE54-9A1E7A4F7556}") = "learn", "week03\learn\learn.csproj", "{FB46D14E-8813-4C4A-B7AB-D89CDCE082F6}"
EndProject
Project("{9A19103F-16F7-4668-BE54-9A1E7A4F7556}") = "teach", "week03\teach\teach.csproj", "{5BC7145C-9299-4704-A8AE-E7EDA00E3E55}"
EndProject
Project("{2150E333-8FDC-42A3-9474-1A3956D46DE8}") = "week04", "week04", "{D3B86400-E020-4CEE-BB90-FEBE6E922F8C}"
EndProject
Project("{9A19103F-16F7-4668-BE54-9A1E7A4F7556}") = "code", "week04\code\code.csproj", "{7F803A57-43E4-452B-B5CB-D563186E92AE}"
EndProject
Project("{2150E333-8FDC-42A3-9474-1A3956D46DE8}") = "week05", "week05", "{DF87396D-EB74-4987-B445-97C1A92908A5}"
EndProject
Project("{9A19103F-16F7-4668-BE54-9A1E7A4F7556}") = "code", "week05\code\code.csproj", "{59B08026-C0A3-4471-810D-4C8BBE42554C}"
EndProject
Project("{2150E333-8FDC-42A3-9474-1A3956D46DE8}") = "week06", "week06", "{4DD95C45-ED63-4642-9D01-7C0A7BBBA24E}"
EndProject
Project("{9A19103F-16F7-4668-BE54-9A1E7A4F7556}") = "code", "week06\code\code.csproj", "{DF4D8138-9C9B-409D-B086-765DD36FDF98}"
EndProject
Global
	GlobalSection(SolutionConfigurationPlatforms) = preSolution
		Debug|Any CPU = Debug|Any CPU
		Release|Any CPU = Release|Any CPU
	EndGlobalSection
	GlobalSection(ProjectConfigurationPlatforms) = postSolution
		{16A9962F-E60C-4B76-98C5-F312259C2091}.Debug|Any CPU.ActiveCfg = Debug|Any CPU
		{16A9962F-E60C-4B76-98C5-F312259C2091}.Debug|Any CPU.Build.0 = Debug|Any CPU
		{16A9962F-E60C-4B76-98C5-F312259C2091}.Release|Any CPU.ActiveCfg = Release|Any CPU
		{16A9962F-E60C-4B76-98C5-F312259C2091}.Release|Any CPU.Build.0 = Release|Any CPU
		{968A393F-F7D2-4344-915C-E54FE18CDA0A}.Debug|Any CPU.ActiveCfg = Debug|Any CPU
		{968A393F-F7D2-4344-915C-E54FE18CDA0A}.Debug|Any CPU.Build.0 = Debug|Any CPU
		{968A393F-F7D2-4344-915C-E54FE18CDA0A}.Release|Any CPU.ActiveCfg = Release|Any CPU
		{968A393F-F7D2-4344-915C-E54FE18CDA0A}.Release|Any CPU.Build.0 = Release|Any CPU
		{F7E51D9B-5B18-46EC-890C-3A633E1D2858}.Debug|Any CPU.ActiveCfg = Debug|Any CPU
		{F7E51D9B-5B18-46EC-890C-3A633E1D2858}.Debug|Any CPU.Build.0 = Debug|Any CPU
		{F7E51D9B-5B18-46EC-890C-3A633E1D2858}.Release|Any CPU.ActiveCfg = Release|Any CPU
		{F7E51D9B-5B18-46EC-890C-3A633E1D2858}.Release|Any CPU.Build.0 = Release|Any CPU
		{DE496D3D-B14C-46BE-8D07-016869FC60FA}.Debug|Any CPU.ActiveCfg = Debug|Any CPU
		{DE496D3D-B14C-46BE-8D07-016869FC60FA}.Debug|Any CPU.Build.0 = Debug|Any CPU
		{DE496D3D-B14C-46BE-8D07-016869FC60FA}.Release|Any CPU.ActiveCfg = Release|Any CPU
		{DE496D3D-B14C-46BE-8D07-016869FC60FA}.Release|Any CPU.Build.0 = Release|Any CPU
		{DDD59B2E-536C-415D-939D-274F489C616F}.Debug|Any CPU.ActiveCfg = Debug|Any CPU
		{DDD59B2E-536C-415D-939D-274F489C616F}.Debug|Any CPU.Build.0 = Debug|Any CPU
		{DDD59B2E-536C-415D-939D-274F489C616F}.Release|Any CPU.ActiveCfg = Release|Any CPU
		{DDD59B2E-536C-415D-939D-274F489C616F}.Release|Any CPU.Build.0 = Release|Any CPU
		{7FE5793B-12BE-4647-AE22-2D92CECA8801}.Debug|Any CPU.ActiveCfg = Debug|Any CPU
		{7FE5793B-12BE-4647-AE22-2D92CECA8801}.Debug|Any CPU.Build.0 = Debug|Any CPU
		{7FE5793B-12BE-4647-AE22-2D92CECA8801}.Release|Any CPU.ActiveCfg = Release|Any CPU
		{7FE5793B-12BE-4647-AE22-2D92CECA8801}.Release|Any CPU.Build.0 = Release|Any CPU
		{B03D4FB5-6DFF-4C0E-B657-0C052A299003}.Debug|Any CPU.ActiveCfg = Debug|Any CPU
		{B03D4FB5-6DFF-4C0E-B657-0C052A299003}.Debug|Any CPU.Build.0 = Debug|Any CPU
		{B03D4FB5-6DFF-4C0E-B657-0C052A299003}.Release|Any CPU.ActiveCfg = Release|Any CPU
		{B03D4FB5-6DFF-4C0E-B657-0C052A299003}.Release|Any CPU.Build.0 = Release|Any CPU
		{9324A9F2-51E1-426D-9254-51597FDB6735}.Debug|Any CPU.ActiveCfg = Debug|Any CPU
		{9324A9F2-51E1-426D-9254-51597FDB6735}.Debug|Any CPU.Build.0 = Debug|Any CPU
		{9324A9F2-51E1-426D-9254-51597FDB6735}.Release|Any CPU.ActiveCfg = Release|Any CPU
		{9324A9F2-51E1-426D-9254-51597FDB6735}.Release|Any CPU.Build.0 = Release|Any CPU
		{F0E1B92B-7DFC-4855-8AB6-E1C5AC8DEED7}.Debug|Any CPU.ActiveCfg = Debug|Any CPU
		{F0E1B92B-7DFC-4855-8AB6-E1C5AC8DEED7}.Debug|Any CPU.Build.0 = Debug|Any CPU
		{F0E1B92B-7DFC-4855-8AB6-E1C5AC8DEED7}.Release|Any CPU.ActiveCfg = Release|Any CPU
		{F0E1B92B-7DFC-4855-8AB6-E1C5AC8DEED7}.Release|Any CPU.Build.0 = Release|Any CPU
		{FB46D14E-8813-4C4A-B7AB-D89CDCE082F6}.Debug|Any CPU.ActiveCfg = Debug|Any CPU
		{FB46D14E-8813-4C4A-B7AB-D89CDCE082F6}.Debug|Any CPU.Build.0 = Debug|Any CPU
		{FB46D14E-8813-4C4A-B7AB-D89CDCE082F6}.Release|Any CPU.ActiveCfg = Release|Any CPU
		{FB46D14E-8813-4C4A-B7AB-D89CDCE082F6}.Release|Any CPU.Build.0 = Release|Any CPU
		{5BC7145C-9299-4704-A8AE-E7EDA00E3E55}.Debug|Any CPU.ActiveCfg = Debug|Any CPU
		{5BC7145C-9299-4704-A8AE-E7EDA00E3E55}.Debug|Any CPU.Build.0 = Debug|Any CPU
		{5BC7145C-9299-4704-A8AE-E7EDA00E3E55}.Release|Any CPU.ActiveCfg = Release|Any CPU
		{5BC7145C-9299-4704-A8AE-E7EDA00E3E55}.Release|Any CPU.Build.0 = Release|Any CPU
		{7F803A57-43E4-452B-B5CB-D563186E92AE}.Debug|Any CPU.ActiveCfg = Debug|Any CPU
		{7F803A57-43E4-452B-B5CB-D563186E92AE}.Debug|Any CPU.Build.0 = Debug|Any CPU
		{7F803A57-43E4-452B-B5CB-D563186E92AE}.Release|Any CPU.ActiveCfg = Release|Any CPU
		{7F803A57-43E4-452B-B5CB-D563186E92AE}.Release|Any CPU.Build.0 = Release|Any CPU
		{59B08026-C0A3-4471-810D-4C8BBE42554C}.Debug|Any CPU.ActiveCfg = Debug|Any CPU
		{59B08026-C0A3-4471-810D-4C8BBE42554C}.Debug|Any CPU.Build.0 = Debug|Any CPU
		{59B08026-C0A3-4471-810D-4C8BBE42554C}.Release|Any CPU.ActiveCfg = Release|Any CPU
		{59B08026-C0A3-4471-810D-4C8BBE42554C}.Release|Any CPU.Build.0 = Release|Any CPU
		{DF4D8138-9C9B-409D-B086-765DD36FDF98}.Debug|Any CPU.ActiveCfg = Debug|Any CPU
		{DF4D8138-9C9B-409D-B086-765DD36FDF98}.Debug|Any CPU.Build.0 = Debug|Any CPU
		{DF4D8138-9C9B-409D-B086-765DD36FDF98}.Release|Any CPU.ActiveCfg = Release|Any CPU
		{DF4D8138-9C9B-409D-B086-765DD36FDF98}.Release|Any CPU.Build.0 = Release|Any CPU
	EndGlobalSection
	GlobalSection(SolutionProperties) = preSolution
		HideSolutionNode = FALSE
	EndGlobalSection
	GlobalSection(NestedProjects) = preSolution
		{16A9962F-E60C-4B76-98C5-F312259C2091} = {CC48EAC3-FA61-44E1-A2FC-154BCAC22D41}
		{968A393F-F7D2-4344-915C-E54FE18CDA0A} = {48D6C17D-88E4-43DF-AF54-D63070354E7E}
		{F7E51D9B-5B18-46EC-890C-3A633E1D2858} = {48D6C17D-88E4-43DF-AF54-D63070354E7E}
		{DE496D3D-B14C-46BE-8D07-016869FC60FA} = {48D6C17D-88E4-43DF-AF54-D63070354E7E}
		{DDD59B2E-536C-415D-939D-274F489C616F} = {3DE4F7DE-95DB-4CCF-B9C1-90A39566989F}
		{7FE5793B-12BE-4647-AE22-2D92CECA8801} = {3DE4F7DE-95DB-4CCF-B9C1-90A39566989F}
		{B03D4FB5-6DFF-4C0E-B657-0C052A299003} = {3DE4F7DE-95DB-4CCF-B9C1-90A39566989F}
		{9324A9F2-51E1-426D-9254-51597FDB6735} = {3DE4F7DE-95DB-4CCF-B9C1-90A39566989F}
		{F0E1B92B-7DFC-4855-8AB6-E1C5AC8DEED7} = {5690E7B8-141C-458E-BE22-45F333FF0CE7}
		{FB46D14E-8813-4C4A-B7AB-D89CDCE082F6} = {5690E7B8-141C-458E-BE22-45F333FF0CE7}
		{5BC7145C-9299-4704-A8AE-E7EDA00E3E55} = {5690E7B8-141C-458E-BE22-45F333FF0CE7}
		{7F803A57-43E4-452B-B5CB-D563186E92AE} = {D3B86400-E020-4CEE-BB90-FEBE6E922F8C}
		{59B08026-C0A3-4471-810D-4C8BBE42554C} = {DF87396D-EB74-4987-B445-97C1A92908A5}
		{DF4D8138-9C9B-409D-B086-765DD36FDF98} = {4DD95C45-ED63-4642-9D01-7C0A7BBBA24E}
	EndGlobalSection
	GlobalSection(ExtensibilityGlobals) = postSolution
		SolutionGuid = {07E22BE9-54ED-4D69-AC79-11ACCDEF9FFF}
	EndGlobalSection
EndGlobal
